
Microsoft Visual Studio Solution File, Format Version 12.00
# Visual Studio Version 16
VisualStudioVersion = 16.0.30114.105
MinimumVisualStudioVersion = 10.0.40219.1
Project("{8BC9CEB8-8B4A-11D0-8D11-00A0C91BC942}") = "SumPairs2Arrays", "SumPairs2Arrays\SumPairs2Arrays.vcxproj", "{32C8A09E-8C4A-4B58-84BE-C8772E3B7B62}"
EndProject
Global
	GlobalSection(SolutionConfigurationPlatforms) = preSolution
		Debug|x64 = Debug|x64
		Debug|x86 = Debug|x86
		Release|x64 = Release|x64
		Release|x86 = Release|x86
	EndGlobalSection
	GlobalSection(ProjectConfigurationPlatforms) = postSolution
		{32C8A09E-8C4A-4B58-84BE-C8772E3B7B62}.Debug|x64.ActiveCfg = Debug|x64
		{32C8A09E-8C4A-4B58-84BE-C8772E3B7B62}.Debug|x64.Build.0 = Debug|x64
		{32C8A09E-8C4A-4B58-84BE-C8772E3B7B62}.Debug|x86.ActiveCfg = Debug|Win32
		{32C8A09E-8C4A-4B58-84BE-C8772E3B7B62}.Debug|x86.Build.0 = Debug|Win32
		{32C8A09E-8C4A-4B58-84BE-C8772E3B7B62}.Release|x64.ActiveCfg = Release|x64
		{32C8A09E-8C4A-4B58-84BE-C8772E3B7B62}.Release|x64.Build.0 = Release|x64
		{32C8A09E-8C4A-4B58-84BE-C8772E3B7B62}.Release|x86.ActiveCfg = Release|Win32
		{32C8A09E-8C4A-4B58-84BE-C8772E3B7B62}.Release|x86.Build.0 = Release|Win32
	EndGlobalSection
	GlobalSection(SolutionProperties) = preSolution
		HideSolutionNode = FALSE
	EndGlobalSection
	GlobalSection(ExtensibilityGlobals) = postSolution
		SolutionGuid = {57CBDB93-5BDE-42A5-A364-CA56724C5735}
	EndGlobalSection
EndGlobal
